// !$*UTF8*$!
{
	archiveVersion = 1;
	classes = {
	};
	objectVersion = 46;
	objects = {

/* Begin PBXBuildFile section */
		E82B73EB1B9527B50022DBCC /* AppDelegate.swift in Sources */ = {isa = PBXBuildFile; fileRef = E82B73EA1B9527B50022DBCC /* AppDelegate.swift */; };
		E82B73ED1B9527B50022DBCC /* ViewController.swift in Sources */ = {isa = PBXBuildFile; fileRef = E82B73EC1B9527B50022DBCC /* ViewController.swift */; };
		E82B73F01B9527B50022DBCC /* Main.storyboard in Resources */ = {isa = PBXBuildFile; fileRef = E82B73EE1B9527B50022DBCC /* Main.storyboard */; };
		E82B73F21B9527B50022DBCC /* Images.xcassets in Resources */ = {isa = PBXBuildFile; fileRef = E82B73F11B9527B50022DBCC /* Images.xcassets */; };
		E82B73F51B9527B50022DBCC /* LaunchScreen.xib in Resources */ = {isa = PBXBuildFile; fileRef = E82B73F31B9527B50022DBCC /* LaunchScreen.xib */; };
		E82B74011B9527B50022DBCC /* TriviallyPursued_1Tests.swift in Sources */ = {isa = PBXBuildFile; fileRef = E82B74001B9527B50022DBCC /* TriviallyPursued_1Tests.swift */; };
/* End PBXBuildFile section */

/* Begin PBXContainerItemProxy section */
		E82B73FB1B9527B50022DBCC /* PBXContainerItemProxy */ = {
			isa = PBXContainerItemProxy;
			containerPortal = E82B73DD1B9527B50022DBCC /* Project object */;
			proxyType = 1;
			remoteGlobalIDString = E82B73E41B9527B50022DBCC;
			remoteInfo = TriviallyPursued_1;
		};
/* End PBXContainerItemProxy section */

/* Begin PBXFileReference section */
		E82B73E51B9527B50022DBCC /* TriviallyPursued_1.app */ = {isa = PBXFileReference; explicitFileType = wrapper.application; includeInIndex = 0; path = TriviallyPursued_1.app; sourceTree = BUILT_PRODUCTS_DIR; };
		E82B73E91B9527B50022DBCC /* Info.plist */ = {isa = PBXFileReference; lastKnownFileType = text.plist.xml; path = Info.plist; sourceTree = "<group>"; };
		E82B73EA1B9527B50022DBCC /* AppDelegate.swift */ = {isa = PBXFileReference; lastKnownFileType = sourcecode.swift; path = AppDelegate.swift; sourceTree = "<group>"; };
		E82B73EC1B9527B50022DBCC /* ViewController.swift */ = {isa = PBXFileReference; lastKnownFileType = sourcecode.swift; path = ViewController.swift; sourceTree = "<group>"; };
		E82B73EF1B9527B50022DBCC /* Base */ = {isa = PBXFileReference; lastKnownFileType = file.storyboard; name = Base; path = Base.lproj/Main.storyboard; sourceTree = "<group>"; };
		E82B73F11B9527B50022DBCC /* Images.xcassets */ = {isa = PBXFileReference; lastKnownFileType = folder.assetcatalog; path = Images.xcassets; sourceTree = "<group>"; };
		E82B73F41B9527B50022DBCC /* Base */ = {isa = PBXFileReference; lastKnownFileType = file.xib; name = Base; path = Base.lproj/LaunchScreen.xib; sourceTree = "<group>"; };
		E82B73FA1B9527B50022DBCC /* TriviallyPursued_1Tests.xctest */ = {isa = PBXFileReference; explicitFileType = wrapper.cfbundle; includeInIndex = 0; path = TriviallyPursued_1Tests.xctest; sourceTree = BUILT_PRODUCTS_DIR; };
		E82B73FF1B9527B50022DBCC /* Info.plist */ = {isa = PBXFileReference; lastKnownFileType = text.plist.xml; path = Info.plist; sourceTree = "<group>"; };
		E82B74001B9527B50022DBCC /* TriviallyPursued_1Tests.swift */ = {isa = PBXFileReference; lastKnownFileType = sourcecode.swift; path = TriviallyPursued_1Tests.swift; sourceTree = "<group>"; };
/* End PBXFileReference section */

/* Begin PBXFrameworksBuildPhase section */
		E82B73E21B9527B50022DBCC /* Frameworks */ = {
			isa = PBXFrameworksBuildPhase;
			buildActionMask = 2147483647;
			files = (
			);
			runOnlyForDeploymentPostprocessing = 0;
		};
		E82B73F71B9527B50022DBCC /* Frameworks */ = {
			isa = PBXFrameworksBuildPhase;
			buildActionMask = 2147483647;
			files = (
			);
			runOnlyForDeploymentPostprocessing = 0;
		};
/* End PBXFrameworksBuildPhase section */

/* Begin PBXGroup section */
		E82B73DC1B9527B40022DBCC = {
			isa = PBXGroup;
			children = (
				E82B73E71B9527B50022DBCC /* TriviallyPursued_1 */,
				E82B73FD1B9527B50022DBCC /* TriviallyPursued_1Tests */,
				E82B73E61B9527B50022DBCC /* Products */,
			);
			sourceTree = "<group>";
		};
		E82B73E61B9527B50022DBCC /* Products */ = {
			isa = PBXGroup;
			children = (
				E82B73E51B9527B50022DBCC /* TriviallyPursued_1.app */,
				E82B73FA1B9527B50022DBCC /* TriviallyPursued_1Tests.xctest */,
			);
			name = Products;
			sourceTree = "<group>";
		};
		E82B73E71B9527B50022DBCC /* TriviallyPursued_1 */ = {
			isa = PBXGroup;
			children = (
				E82B73EA1B9527B50022DBCC /* AppDelegate.swift */,
				E82B73EC1B9527B50022DBCC /* ViewController.swift */,
				E82B73EE1B9527B50022DBCC /* Main.storyboard */,
				E82B73F11B9527B50022DBCC /* Images.xcassets */,
				E82B73F31B9527B50022DBCC /* LaunchScreen.xib */,
				E82B73E81B9527B50022DBCC /* Supporting Files */,
			);
			path = TriviallyPursued_1;
			sourceTree = "<group>";
		};
		E82B73E81B9527B50022DBCC /* Supporting Files */ = {
			isa = PBXGroup;
			children = (
				E82B73E91B9527B50022DBCC /* Info.plist */,
			);
			name = "Supporting Files";
			sourceTree = "<group>";
		};
		E82B73FD1B9527B50022DBCC /* TriviallyPursued_1Tests */ = {
			isa = PBXGroup;
			children = (
				E82B74001B9527B50022DBCC /* TriviallyPursued_1Tests.swift */,
				E82B73FE1B9527B50022DBCC /* Supporting Files */,
			);
			path = TriviallyPursued_1Tests;
			sourceTree = "<group>";
		};
		E82B73FE1B9527B50022DBCC /* Supporting Files */ = {
			isa = PBXGroup;
			children = (
				E82B73FF1B9527B50022DBCC /* Info.plist */,
			);
			name = "Supporting Files";
			sourceTree = "<group>";
		};
/* End PBXGroup section */

/* Begin PBXNativeTarget section */
		E82B73E41B9527B50022DBCC /* TriviallyPursued_1 */ = {
			isa = PBXNativeTarget;
			buildConfigurationList = E82B74041B9527B50022DBCC /* Build configuration list for PBXNativeTarget "TriviallyPursued_1" */;
			buildPhases = (
				E82B73E11B9527B50022DBCC /* Sources */,
				E82B73E21B9527B50022DBCC /* Frameworks */,
				E82B73E31B9527B50022DBCC /* Resources */,
			);
			buildRules = (
			);
			dependencies = (
			);
			name = TriviallyPursued_1;
			productName = TriviallyPursued_1;
			productReference = E82B73E51B9527B50022DBCC /* TriviallyPursued_1.app */;
			productType = "com.apple.product-type.application";
		};
		E82B73F91B9527B50022DBCC /* TriviallyPursued_1Tests */ = {
			isa = PBXNativeTarget;
			buildConfigurationList = E82B74071B9527B50022DBCC /* Build configuration list for PBXNativeTarget "TriviallyPursued_1Tests" */;
			buildPhases = (
				E82B73F61B9527B50022DBCC /* Sources */,
				E82B73F71B9527B50022DBCC /* Frameworks */,
				E82B73F81B9527B50022DBCC /* Resources */,
			);
			buildRules = (
			);
			dependencies = (
				E82B73FC1B9527B50022DBCC /* PBXTargetDependency */,
			);
			name = TriviallyPursued_1Tests;
			productName = TriviallyPursued_1Tests;
			productReference = E82B73FA1B9527B50022DBCC /* TriviallyPursued_1Tests.xctest */;
			productType = "com.apple.product-type.bundle.unit-test";
		};
/* End PBXNativeTarget section */

/* Begin PBXProject section */
		E82B73DD1B9527B50022DBCC /* Project object */ = {
			isa = PBXProject;
			attributes = {
				LastUpgradeCheck = 0640;
				ORGANIZATIONNAME = "Miwand Najafe";
				TargetAttributes = {
					E82B73E41B9527B50022DBCC = {
						CreatedOnToolsVersion = 6.4;
					};
					E82B73F91B9527B50022DBCC = {
						CreatedOnToolsVersion = 6.4;
						TestTargetID = E82B73E41B9527B50022DBCC;
					};
				};
			};
			buildConfigurationList = E82B73E01B9527B50022DBCC /* Build configuration list for PBXProject "TriviallyPursued_1" */;
			compatibilityVersion = "Xcode 3.2";
			developmentRegion = English;
			hasScannedForEncodings = 0;
			knownRegions = (
				en,
				Base,
			);
			mainGroup = E82B73DC1B9527B40022DBCC;
			productRefGroup = E82B73E61B9527B50022DBCC /* Products */;
			projectDirPath = "";
			projectRoot = "";
			targets = (
				E82B73E41B9527B50022DBCC /* TriviallyPursued_1 */,
				E82B73F91B9527B50022DBCC /* TriviallyPursued_1Tests */,
			);
		};
/* End PBXProject section */

/* Begin PBXResourcesBuildPhase section */
		E82B73E31B9527B50022DBCC /* Resources */ = {
			isa = PBXResourcesBuildPhase;
			buildActionMask = 2147483647;
			files = (
				E82B73F01B9527B50022DBCC /* Main.storyboard in Resources */,
				E82B73F51B9527B50022DBCC /* LaunchScreen.xib in Resources */,
				E82B73F21B9527B50022DBCC /* Images.xcassets in Resources */,
			);
			runOnlyForDeploymentPostprocessing = 0;
		};
		E82B73F81B9527B50022DBCC /* Resources */ = {
			isa = PBXResourcesBuildPhase;
			buildActionMask = 2147483647;
			files = (
			);
			runOnlyForDeploymentPostprocessing = 0;
		};
/* End PBXResourcesBuildPhase section */

/* Begin PBXSourcesBuildPhase section */
		E82B73E11B9527B50022DBCC /* Sources */ = {
			isa = PBXSourcesBuildPhase;
			buildActionMask = 2147483647;
			files = (
				E82B73ED1B9527B50022DBCC /* ViewController.swift in Sources */,
				E82B73EB1B9527B50022DBCC /* AppDelegate.swift in Sources */,
			);
			runOnlyForDeploymentPostprocessing = 0;
		};
		E82B73F61B9527B50022DBCC /* Sources */ = {
			isa = PBXSourcesBuildPhase;
			buildActionMask = 2147483647;
			files = (
				E82B74011B9527B50022DBCC /* TriviallyPursued_1Tests.swift in Sources */,
			);
			runOnlyForDeploymentPostprocessing = 0;
		};
/* End PBXSourcesBuildPhase section */

/* Begin PBXTargetDependency section */
		E82B73FC1B9527B50022DBCC /* PBXTargetDependency */ = {
			isa = PBXTargetDependency;
			target = E82B73E41B9527B50022DBCC /* TriviallyPursued_1 */;
			targetProxy = E82B73FB1B9527B50022DBCC /* PBXContainerItemProxy */;
		};
/* End PBXTargetDependency section */

/* Begin PBXVariantGroup section */
		E82B73EE1B9527B50022DBCC /* Main.storyboard */ = {
			isa = PBXVariantGroup;
			children = (
				E82B73EF1B9527B50022DBCC /* Base */,
			);
			name = Main.storyboard;
			sourceTree = "<group>";
		};
		E82B73F31B9527B50022DBCC /* LaunchScreen.xib */ = {
			isa = PBXVariantGroup;
			children = (
				E82B73F41B9527B50022DBCC /* Base */,
			);
			name = LaunchScreen.xib;
			sourceTree = "<group>";
		};
/* End PBXVariantGroup section */

/* Begin XCBuildConfiguration section */
		E82B74021B9527B50022DBCC /* Debug */ = {
			isa = XCBuildConfiguration;
			buildSettings = {
				ALWAYS_SEARCH_USER_PATHS = NO;
				CLANG_CXX_LANGUAGE_STANDARD = "gnu++0x";
				CLANG_CXX_LIBRARY = "libc++";
				CLANG_ENABLE_MODULES = YES;
				CLANG_ENABLE_OBJC_ARC = YES;
				CLANG_WARN_BOOL_CONVERSION = YES;
				CLANG_WARN_CONSTANT_CONVERSION = YES;
				CLANG_WARN_DIRECT_OBJC_ISA_USAGE = YES_ERROR;
				CLANG_WARN_EMPTY_BODY = YES;
				CLANG_WARN_ENUM_CONVERSION = YES;
				CLANG_WARN_INT_CONVERSION = YES;
				CLANG_WARN_OBJC_ROOT_CLASS = YES_ERROR;
				CLANG_WARN_UNREACHABLE_CODE = YES;
				CLANG_WARN__DUPLICATE_METHOD_MATCH = YES;
				"CODE_SIGN_IDENTITY[sdk=iphoneos*]" = "iPhone Developer";
				COPY_PHASE_STRIP = NO;
				DEBUG_INFORMATION_FORMAT = "dwarf-with-dsym";
				ENABLE_STRICT_OBJC_MSGSEND = YES;
				GCC_C_LANGUAGE_STANDARD = gnu99;
				GCC_DYNAMIC_NO_PIC = NO;
				GCC_NO_COMMON_BLOCKS = YES;
				GCC_OPTIMIZATION_LEVEL = 0;
				GCC_PREPROCESSOR_DEFINITIONS = (
					"DEBUG=1",
					"$(inherited)",
				);
				GCC_SYMBOLS_PRIVATE_EXTERN = NO;
				GCC_WARN_64_TO_32_BIT_CONVERSION = YES;
				GCC_WARN_ABOUT_RETURN_TYPE = YES_ERROR;
				GCC_WARN_UNDECLARED_SELECTOR = YES;
				GCC_WARN_UNINITIALIZED_AUTOS = YES_AGGRESSIVE;
				GCC_WARN_UNUSED_FUNCTION = YES;
				GCC_WARN_UNUSED_VARIABLE = YES;
				IPHONEOS_DEPLOYMENT_TARGET = 8.4;
				MTL_ENABLE_DEBUG_INFO = YES;
				ONLY_ACTIVE_ARCH = YES;
				SDKROOT = iphoneos;
				SWIFT_OPTIMIZATION_LEVEL = "-Onone";
			};
			name = Debug;
		};
		E82B74031B9527B50022DBCC /* Release */ = {
			isa = XCBuildConfiguration;
			buildSettings = {
				ALWAYS_SEARCH_USER_PATHS = NO;
				CLANG_CXX_LANGUAGE_STANDARD = "gnu++0x";
				CLANG_CXX_LIBRARY = "libc++";
				CLANG_ENABLE_MODULES = YES;
				CLANG_ENABLE_OBJC_ARC = YES;
				CLANG_WARN_BOOL_CONVERSION = YES;
				CLANG_WARN_CONSTANT_CONVERSION = YES;
				CLANG_WARN_DIRECT_OBJC_ISA_USAGE = YES_ERROR;
				CLANG_WARN_EMPTY_BODY = YES;
				CLANG_WARN_ENUM_CONVERSION = YES;
				CLANG_WARN_INT_CONVERSION = YES;
				CLANG_WARN_OBJC_ROOT_CLASS = YES_ERROR;
				CLANG_WARN_UNREACHABLE_CODE = YES;
				CLANG_WARN__DUPLICATE_METHOD_MATCH = YES;
				"CODE_SIGN_IDENTITY[sdk=iphoneos*]" = "iPhone Developer";
				COPY_PHASE_STRIP = NO;
				DEBUG_INFORMATION_FORMAT = "dwarf-with-dsym";
				ENABLE_NS_ASSERTIONS = NO;
				ENABLE_STRICT_OBJC_MSGSEND = YES;
				GCC_C_LANGUAGE_STANDARD = gnu99;
				GCC_NO_COMMON_BLOCKS = YES;
				GCC_WARN_64_TO_32_BIT_CONVERSION = YES;
				GCC_WARN_ABOUT_RETURN_TYPE = YES_ERROR;
				GCC_WARN_UNDECLARED_SELECTOR = YES;
				GCC_WARN_UNINITIALIZED_AUTOS = YES_AGGRESSIVE;
				GCC_WARN_UNUSED_FUNCTION = YES;
				GCC_WARN_UNUSED_VARIABLE = YES;
				IPHONEOS_DEPLOYMENT_TARGET = 8.4;
				MTL_ENABLE_DEBUG_INFO = NO;
				SDKROOT = iphoneos;
				VALIDATE_PRODUCT = YES;
			};
			name = Release;
		};
		E82B74051B9527B50022DBCC /* Debug */ = {
			isa = XCBuildConfiguration;
			buildSettings = {
				ASSETCATALOG_COMPILER_APPICON_NAME = AppIcon;
				INFOPLIST_FILE = TriviallyPursued_1/Info.plist;
				LD_RUNPATH_SEARCH_PATHS = "$(inherited) @executable_path/Frameworks";
				PRODUCT_NAME = "$(TARGET_NAME)";
			};
			name = Debug;
		};
		E82B74061B9527B50022DBCC /* Release */ = {
			isa = XCBuildConfiguration;
			buildSettings = {
				ASSETCATALOG_COMPILER_APPICON_NAME = AppIcon;
				INFOPLIST_FILE = TriviallyPursued_1/Info.plist;
				LD_RUNPATH_SEARCH_PATHS = "$(inherited) @executable_path/Frameworks";
				PRODUCT_NAME = "$(TARGET_NAME)";
			};
			name = Release;
		};
		E82B74081B9527B50022DBCC /* Debug */ = {
			isa = XCBuildConfiguration;
			buildSettings = {
				BUNDLE_LOADER = "$(TEST_HOST)";
				FRAMEWORK_SEARCH_PATHS = (
					"$(SDKROOT)/Developer/Library/Frameworks",
					"$(inherited)",
				);
				GCC_PREPROCESSOR_DEFINITIONS = (
					"DEBUG=1",
					"$(inherited)",
				);
				INFOPLIST_FILE = TriviallyPursued_1Tests/Info.plist;
				LD_RUNPATH_SEARCH_PATHS = "$(inherited) @executable_path/Frameworks @loader_path/Frameworks";
				PRODUCT_NAME = "$(TARGET_NAME)";
				TEST_HOST = "$(BUILT_PRODUCTS_DIR)/TriviallyPursued_1.app/TriviallyPursued_1";
			};
			name = Debug;
		};
		E82B74091B9527B50022DBCC /* Release */ = {
			isa = XCBuildConfiguration;
			buildSettings = {
				BUNDLE_LOADER = "$(TEST_HOST)";
				FRAMEWORK_SEARCH_PATHS = (
					"$(SDKROOT)/Developer/Library/Frameworks",
					"$(inherited)",
				);
				INFOPLIST_FILE = TriviallyPursued_1Tests/Info.plist;
				LD_RUNPATH_SEARCH_PATHS = "$(inherited) @executable_path/Frameworks @loader_path/Frameworks";
				PRODUCT_NAME = "$(TARGET_NAME)";
				TEST_HOST = "$(BUILT_PRODUCTS_DIR)/TriviallyPursued_1.app/TriviallyPursued_1";
			};
			name = Release;
		};
/* End XCBuildConfiguration section */

/* Begin XCConfigurationList section */
		E82B73E01B9527B50022DBCC /* Build configuration list for PBXProject "TriviallyPursued_1" */ = {
			isa = XCConfigurationList;
			buildConfigurations = (
				E82B74021B9527B50022DBCC /* Debug */,
				E82B74031B9527B50022DBCC /* Release */,
			);
			defaultConfigurationIsVisible = 0;
			defaultConfigurationName = Release;
		};
		E82B74041B9527B50022DBCC /* Build configuration list for PBXNativeTarget "TriviallyPursued_1" */ = {
			isa = XCConfigurationList;
			buildConfigurations = (
				E82B74051B9527B50022DBCC /* Debug */,
				E82B74061B9527B50022DBCC /* Release */,
			);
			defaultConfigurationIsVisible = 0;
		};
		E82B74071B9527B50022DBCC /* Build configuration list for PBXNativeTarget "TriviallyPursued_1Tests" */ = {
			isa = XCConfigurationList;
			buildConfigurations = (
				E82B74081B9527B50022DBCC /* Debug */,
				E82B74091B9527B50022DBCC /* Release */,
			);
			defaultConfigurationIsVisible = 0;
		};
/* End XCConfigurationList section */
	};
	rootObject = E82B73DD1B9527B50022DBCC /* Project object */;
}
